// !$*UTF8*$!
{
	archiveVersion = 1;
	classes = {
	};
	objectVersion = 77;
	objects = {

/* Begin PBXBuildFile section */
		17E4EB45CA9B68F0FC439FE8 /* MarketView.swift in Sources */ = {isa = PBXBuildFile; fileRef = 34A3E80602847222DDA58904 /* MarketView.swift */; };
		1B80746C4352690D940C43A5 /* GarmentDetailView.swift in Sources */ = {isa = PBXBuildFile; fileRef = 2C3C149F4F711AB873F2E153 /* GarmentDetailView.swift */; };
		330F17106A6BC2C300502282 /* SampleDataSeeder.swift in Sources */ = {isa = PBXBuildFile; fileRef = 77CCB18CF598C0B07C2C85CA /* SampleDataSeeder.swift */; };
		33AE3F931E5E5C770142C893 /* OutfitAnalyzing.swift in Sources */ = {isa = PBXBuildFile; fileRef = 6C53731B5AF953E1BC4366C5 /* OutfitAnalyzing.swift */; };
		3599C73CC95D3B1D2DD0D979 /* MarketListing.swift in Sources */ = {isa = PBXBuildFile; fileRef = 91F8AA34C93C727A49D7D6D5 /* MarketListing.swift */; };
		3E8F63BE86D60E5B057004D1 /* CommunityPost.swift in Sources */ = {isa = PBXBuildFile; fileRef = 2823FDD51FA71EA66D4B619A /* CommunityPost.swift */; };
		44848AC067F5ED6A2D9E78D2 /* MonthOutfitCalendarView.swift in Sources */ = {isa = PBXBuildFile; fileRef = 76EFCC9181CDF1F27AC45F90 /* MonthOutfitCalendarView.swift */; };
		4678A2CB74D7BB951FCC1581 /* OutfitFlowTests.swift in Sources */ = {isa = PBXBuildFile; fileRef = E5812FFDF4ED64C5045A858F /* OutfitFlowTests.swift */; };
		6271A2A1CE369A5C51B74703 /* WEARyApp.swift in Sources */ = {isa = PBXBuildFile; fileRef = 22AD6B04DD18E16C7DF385DB /* WEARyApp.swift */; };
		6C3EDF65005EB3E3434A6D40 /* GarmentArtwork.swift in Sources */ = {isa = PBXBuildFile; fileRef = 3F8201B35CDC2D7F227B435F /* GarmentArtwork.swift */; };
		73DFF9DD177F48648ECF99C3 /* Garment.swift in Sources */ = {isa = PBXBuildFile; fileRef = 8B95B430ABCABDD13607100A /* Garment.swift */; };
		7C06A6D65488CCA798BC9143 /* WEARyTheme.swift in Sources */ = {isa = PBXBuildFile; fileRef = 4FE9CF6B3115EC06903CC4CD /* WEARyTheme.swift */; };
		910CB1F1682B2CBA66F66FFD /* Outfit.swift in Sources */ = {isa = PBXBuildFile; fileRef = 4F669DC81CDA5EC68164402B /* Outfit.swift */; };
		AAB09A3C8C75C4DE40D1C517 /* FeedView.swift in Sources */ = {isa = PBXBuildFile; fileRef = 2128FB884A55142F4E78D46E /* FeedView.swift */; };
		BA850FB60E804B398FEF164B /* WardrobeView.swift in Sources */ = {isa = PBXBuildFile; fileRef = 39A1BD1D09B5751BB982B218 /* WardrobeView.swift */; };
		D7E11045D5E679DA98366A3B /* ProfileView.swift in Sources */ = {isa = PBXBuildFile; fileRef = 71EA2D10AF32EF2F65BC18BD /* ProfileView.swift */; };
		DC1E9D0B4493AD02683909EB /* GarmentCutoutService.swift in Sources */ = {isa = PBXBuildFile; fileRef = AA2FDFB74E5CF511FA35BC26 /* GarmentCutoutService.swift */; };
		EFC26848D803CAA43BD977E9 /* CaptureView.swift in Sources */ = {isa = PBXBuildFile; fileRef = C38C71C200731C375660EF17 /* CaptureView.swift */; };
		F9E583AF2461FC6F15B553A4 /* RootTabView.swift in Sources */ = {isa = PBXBuildFile; fileRef = 59C5442CDF1AD356B1123FE1 /* RootTabView.swift */; };
		FE65C978383ACCB7DB2E2D7D /* GarmentEditorView.swift in Sources */ = {isa = PBXBuildFile; fileRef = 9AE57F226B78F9845A928B97 /* GarmentEditorView.swift */; };
/* End PBXBuildFile section */

/* Begin PBXContainerItemProxy section */
		663F21B67085E6527CBC5A63 /* PBXContainerItemProxy */ = {
			isa = PBXContainerItemProxy;
			containerPortal = D10EF33687AA9BDB122DC5CE /* Project object */;
			proxyType = 1;
			remoteGlobalIDString = 9DD8A3D0BBD380C25D3A1205;
			remoteInfo = WEARy;
		};
/* End PBXContainerItemProxy section */

/* Begin PBXFileReference section */
		2128FB884A55142F4E78D46E /* FeedView.swift */ = {isa = PBXFileReference; lastKnownFileType = sourcecode.swift; path = FeedView.swift; sourceTree = "<group>"; };
		22AD6B04DD18E16C7DF385DB /* WEARyApp.swift */ = {isa = PBXFileReference; lastKnownFileType = sourcecode.swift; path = WEARyApp.swift; sourceTree = "<group>"; };
		2823FDD51FA71EA66D4B619A /* CommunityPost.swift */ = {isa = PBXFileReference; lastKnownFileType = sourcecode.swift; path = CommunityPost.swift; sourceTree = "<group>"; };
		2C3C149F4F711AB873F2E153 /* GarmentDetailView.swift */ = {isa = PBXFileReference; lastKnownFileType = sourcecode.swift; path = GarmentDetailView.swift; sourceTree = "<group>"; };
		34A3E80602847222DDA58904 /* MarketView.swift */ = {isa = PBXFileReference; lastKnownFileType = sourcecode.swift; path = MarketView.swift; sourceTree = "<group>"; };
		39A1BD1D09B5751BB982B218 /* WardrobeView.swift */ = {isa = PBXFileReference; lastKnownFileType = sourcecode.swift; path = WardrobeView.swift; sourceTree = "<group>"; };
		3F8201B35CDC2D7F227B435F /* GarmentArtwork.swift */ = {isa = PBXFileReference; lastKnownFileType = sourcecode.swift; path = GarmentArtwork.swift; sourceTree = "<group>"; };
		4F669DC81CDA5EC68164402B /* Outfit.swift */ = {isa = PBXFileReference; lastKnownFileType = sourcecode.swift; path = Outfit.swift; sourceTree = "<group>"; };
		4FE9CF6B3115EC06903CC4CD /* WEARyTheme.swift */ = {isa = PBXFileReference; lastKnownFileType = sourcecode.swift; path = WEARyTheme.swift; sourceTree = "<group>"; };
		59C5442CDF1AD356B1123FE1 /* RootTabView.swift */ = {isa = PBXFileReference; lastKnownFileType = sourcecode.swift; path = RootTabView.swift; sourceTree = "<group>"; };
		6C53731B5AF953E1BC4366C5 /* OutfitAnalyzing.swift */ = {isa = PBXFileReference; lastKnownFileType = sourcecode.swift; path = OutfitAnalyzing.swift; sourceTree = "<group>"; };
		71EA2D10AF32EF2F65BC18BD /* ProfileView.swift */ = {isa = PBXFileReference; lastKnownFileType = sourcecode.swift; path = ProfileView.swift; sourceTree = "<group>"; };
		76EFCC9181CDF1F27AC45F90 /* MonthOutfitCalendarView.swift */ = {isa = PBXFileReference; lastKnownFileType = sourcecode.swift; path = MonthOutfitCalendarView.swift; sourceTree = "<group>"; };
		77CCB18CF598C0B07C2C85CA /* SampleDataSeeder.swift */ = {isa = PBXFileReference; lastKnownFileType = sourcecode.swift; path = SampleDataSeeder.swift; sourceTree = "<group>"; };
		86B5787FE490CB938E4B6D86 /* WEARy.app */ = {isa = PBXFileReference; includeInIndex = 0; lastKnownFileType = wrapper.application; path = WEARy.app; sourceTree = BUILT_PRODUCTS_DIR; };
		8B95B430ABCABDD13607100A /* Garment.swift */ = {isa = PBXFileReference; lastKnownFileType = sourcecode.swift; path = Garment.swift; sourceTree = "<group>"; };
		91F8AA34C93C727A49D7D6D5 /* MarketListing.swift */ = {isa = PBXFileReference; lastKnownFileType = sourcecode.swift; path = MarketListing.swift; sourceTree = "<group>"; };
		9AE57F226B78F9845A928B97 /* GarmentEditorView.swift */ = {isa = PBXFileReference; lastKnownFileType = sourcecode.swift; path = GarmentEditorView.swift; sourceTree = "<group>"; };
		AA2FDFB74E5CF511FA35BC26 /* GarmentCutoutService.swift */ = {isa = PBXFileReference; lastKnownFileType = sourcecode.swift; path = GarmentCutoutService.swift; sourceTree = "<group>"; };
		C38C71C200731C375660EF17 /* CaptureView.swift */ = {isa = PBXFileReference; lastKnownFileType = sourcecode.swift; path = CaptureView.swift; sourceTree = "<group>"; };
		E5812FFDF4ED64C5045A858F /* OutfitFlowTests.swift */ = {isa = PBXFileReference; lastKnownFileType = sourcecode.swift; path = OutfitFlowTests.swift; sourceTree = "<group>"; };
		FD460AAFAE65B8AA4C82F2D5 /* WEARyTests.xctest */ = {isa = PBXFileReference; includeInIndex = 0; lastKnownFileType = wrapper.cfbundle; path = WEARyTests.xctest; sourceTree = BUILT_PRODUCTS_DIR; };
/* End PBXFileReference section */

/* Begin PBXGroup section */
		1D4282EF75CD473F9DA023E4 /* Models */ = {
			isa = PBXGroup;
			children = (
				2823FDD51FA71EA66D4B619A /* CommunityPost.swift */,
				8B95B430ABCABDD13607100A /* Garment.swift */,
				91F8AA34C93C727A49D7D6D5 /* MarketListing.swift */,
				4F669DC81CDA5EC68164402B /* Outfit.swift */,
			);
			path = Models;
			sourceTree = "<group>";
		};
		3055307BA22313D29C1C0FB7 /* Profile */ = {
			isa = PBXGroup;
			children = (
				76EFCC9181CDF1F27AC45F90 /* MonthOutfitCalendarView.swift */,
				71EA2D10AF32EF2F65BC18BD /* ProfileView.swift */,
			);
			path = Profile;
			sourceTree = "<group>";
		};
		33E3E6B0652678D7FE25DACA = {
			isa = PBXGroup;
			children = (
				F089F300EB7B82FF2BABA979 /* WEARy */,
				57FE687252CA37FB30ADE207 /* WEARyTests */,
				922E3E294A20C59E9B2FD66F /* Products */,
			);
			sourceTree = "<group>";
		};
		42B16661BD47380C33F06203 /* Components */ = {
			isa = PBXGroup;
			children = (
				3F8201B35CDC2D7F227B435F /* GarmentArtwork.swift */,
			);
			path = Components;
			sourceTree = "<group>";
		};
		4FC3BC126A99F21A358F8360 /* Features */ = {
			isa = PBXGroup;
			children = (
				937EF0EE6F4440B011B7E1FF /* Capture */,
				B38387DFA722C846AA0999A5 /* Feed */,
				92C6BE02BEC0204F10137F9F /* Market */,
				3055307BA22313D29C1C0FB7 /* Profile */,
				58C98650871219A892E603EE /* Wardrobe */,
			);
			path = Features;
			sourceTree = "<group>";
		};
		57BE7901F536F59503FD7394 /* App */ = {
			isa = PBXGroup;
			children = (
				59C5442CDF1AD356B1123FE1 /* RootTabView.swift */,
				22AD6B04DD18E16C7DF385DB /* WEARyApp.swift */,
			);
			path = App;
			sourceTree = "<group>";
		};
		57FE687252CA37FB30ADE207 /* WEARyTests */ = {
			isa = PBXGroup;
			children = (
				E5812FFDF4ED64C5045A858F /* OutfitFlowTests.swift */,
			);
			path = WEARyTests;
			sourceTree = "<group>";
		};
		58C98650871219A892E603EE /* Wardrobe */ = {
			isa = PBXGroup;
			children = (
				2C3C149F4F711AB873F2E153 /* GarmentDetailView.swift */,
				9AE57F226B78F9845A928B97 /* GarmentEditorView.swift */,
				39A1BD1D09B5751BB982B218 /* WardrobeView.swift */,
			);
			path = Wardrobe;
			sourceTree = "<group>";
		};
		7A8D6CB6F3C3A648468F0B62 /* DesignSystem */ = {
			isa = PBXGroup;
			children = (
				4FE9CF6B3115EC06903CC4CD /* WEARyTheme.swift */,
			);
			path = DesignSystem;
			sourceTree = "<group>";
		};
		7AE90E7CC3D4CF65DC2A7F7B /* Services */ = {
			isa = PBXGroup;
			children = (
				AA2FDFB74E5CF511FA35BC26 /* GarmentCutoutService.swift */,
				6C53731B5AF953E1BC4366C5 /* OutfitAnalyzing.swift */,
			);
			path = Services;
			sourceTree = "<group>";
		};
		889E223F78C97847854915C3 /* Core */ = {
			isa = PBXGroup;
			children = (
				42B16661BD47380C33F06203 /* Components */,
				7A8D6CB6F3C3A648468F0B62 /* DesignSystem */,
				1D4282EF75CD473F9DA023E4 /* Models */,
				E7F78DE8F27A24C3AC62CB10 /* SampleData */,
				7AE90E7CC3D4CF65DC2A7F7B /* Services */,
			);
			path = Core;
			sourceTree = "<group>";
		};
		922E3E294A20C59E9B2FD66F /* Products */ = {
			isa = PBXGroup;
			children = (
				86B5787FE490CB938E4B6D86 /* WEARy.app */,
				FD460AAFAE65B8AA4C82F2D5 /* WEARyTests.xctest */,
			);
			name = Products;
			sourceTree = "<group>";
		};
		92C6BE02BEC0204F10137F9F /* Market */ = {
			isa = PBXGroup;
			children = (
				34A3E80602847222DDA58904 /* MarketView.swift */,
			);
			path = Market;
			sourceTree = "<group>";
		};
		937EF0EE6F4440B011B7E1FF /* Capture */ = {
			isa = PBXGroup;
			children = (
				C38C71C200731C375660EF17 /* CaptureView.swift */,
			);
			path = Capture;
			sourceTree = "<group>";
		};
		B38387DFA722C846AA0999A5 /* Feed */ = {
			isa = PBXGroup;
			children = (
				2128FB884A55142F4E78D46E /* FeedView.swift */,
			);
			path = Feed;
			sourceTree = "<group>";
		};
		E7F78DE8F27A24C3AC62CB10 /* SampleData */ = {
			isa = PBXGroup;
			children = (
				77CCB18CF598C0B07C2C85CA /* SampleDataSeeder.swift */,
			);
			path = SampleData;
			sourceTree = "<group>";
		};
		F089F300EB7B82FF2BABA979 /* WEARy */ = {
			isa = PBXGroup;
			children = (
				57BE7901F536F59503FD7394 /* App */,
				889E223F78C97847854915C3 /* Core */,
				4FC3BC126A99F21A358F8360 /* Features */,
			);
			path = WEARy;
			sourceTree = "<group>";
		};
/* End PBXGroup section */

/* Begin PBXNativeTarget section */
		9DD8A3D0BBD380C25D3A1205 /* WEARy */ = {
			isa = PBXNativeTarget;
			buildConfigurationList = D861271B279F75941C799F12 /* Build configuration list for PBXNativeTarget "WEARy" */;
			buildPhases = (
				AA5CC78378EE70ED8506B1BB /* Sources */,
			);
			buildRules = (
			);
			dependencies = (
			);
			name = WEARy;
			packageProductDependencies = (
			);
			productName = WEARy;
			productReference = 86B5787FE490CB938E4B6D86 /* WEARy.app */;
			productType = "com.apple.product-type.application";
		};
		DFE3252E44C437966852D6E5 /* WEARyTests */ = {
			isa = PBXNativeTarget;
			buildConfigurationList = 536F9F3A0CC1AFF2EBBC072E /* Build configuration list for PBXNativeTarget "WEARyTests" */;
			buildPhases = (
				221974F91175EDB9AB296F83 /* Sources */,
			);
			buildRules = (
			);
			dependencies = (
				EBFF165193CBF74919C05AB2 /* PBXTargetDependency */,
			);
			name = WEARyTests;
			packageProductDependencies = (
			);
			productName = WEARyTests;
			productReference = FD460AAFAE65B8AA4C82F2D5 /* WEARyTests.xctest */;
			productType = "com.apple.product-type.bundle.unit-test";
		};
/* End PBXNativeTarget section */

/* Begin PBXProject section */
		D10EF33687AA9BDB122DC5CE /* Project object */ = {
			isa = PBXProject;
			attributes = {
				BuildIndependentTargetsInParallel = YES;
				LastUpgradeCheck = 1430;
				TargetAttributes = {
					9DD8A3D0BBD380C25D3A1205 = {
						DevelopmentTeam = "";
					};
					DFE3252E44C437966852D6E5 = {
						DevelopmentTeam = "";
					};
				};
			};
			buildConfigurationList = B551C31F30A2025132A18820 /* Build configuration list for PBXProject "WEARy" */;
			developmentRegion = en;
			hasScannedForEncodings = 0;
			knownRegions = (
				Base,
				en,
			);
			mainGroup = 33E3E6B0652678D7FE25DACA;
			minimizedProjectReferenceProxies = 1;
			preferredProjectObjectVersion = 77;
			productRefGroup = 922E3E294A20C59E9B2FD66F /* Products */;
			projectDirPath = "";
			projectRoot = "";
			targets = (
				9DD8A3D0BBD380C25D3A1205 /* WEARy */,
				DFE3252E44C437966852D6E5 /* WEARyTests */,
			);
		};
/* End PBXProject section */

/* Begin PBXSourcesBuildPhase section */
		221974F91175EDB9AB296F83 /* Sources */ = {
			isa = PBXSourcesBuildPhase;
			buildActionMask = 2147483647;
			files = (
				4678A2CB74D7BB951FCC1581 /* OutfitFlowTests.swift in Sources */,
			);
			runOnlyForDeploymentPostprocessing = 0;
		};
		AA5CC78378EE70ED8506B1BB /* Sources */ = {
			isa = PBXSourcesBuildPhase;
			buildActionMask = 2147483647;
			files = (
				EFC26848D803CAA43BD977E9 /* CaptureView.swift in Sources */,
				3E8F63BE86D60E5B057004D1 /* CommunityPost.swift in Sources */,
				AAB09A3C8C75C4DE40D1C517 /* FeedView.swift in Sources */,
				73DFF9DD177F48648ECF99C3 /* Garment.swift in Sources */,
				6C3EDF65005EB3E3434A6D40 /* GarmentArtwork.swift in Sources */,
				DC1E9D0B4493AD02683909EB /* GarmentCutoutService.swift in Sources */,
				1B80746C4352690D940C43A5 /* GarmentDetailView.swift in Sources */,
				FE65C978383ACCB7DB2E2D7D /* GarmentEditorView.swift in Sources */,
				3599C73CC95D3B1D2DD0D979 /* MarketListing.swift in Sources */,
				17E4EB45CA9B68F0FC439FE8 /* MarketView.swift in Sources */,
				44848AC067F5ED6A2D9E78D2 /* MonthOutfitCalendarView.swift in Sources */,
				910CB1F1682B2CBA66F66FFD /* Outfit.swift in Sources */,
				33AE3F931E5E5C770142C893 /* OutfitAnalyzing.swift in Sources */,
				D7E11045D5E679DA98366A3B /* ProfileView.swift in Sources */,
				F9E583AF2461FC6F15B553A4 /* RootTabView.swift in Sources */,
				330F17106A6BC2C300502282 /* SampleDataSeeder.swift in Sources */,
				6271A2A1CE369A5C51B74703 /* WEARyApp.swift in Sources */,
				7C06A6D65488CCA798BC9143 /* WEARyTheme.swift in Sources */,
				BA850FB60E804B398FEF164B /* WardrobeView.swift in Sources */,
			);
			runOnlyForDeploymentPostprocessing = 0;
		};
/* End PBXSourcesBuildPhase section */

/* Begin PBXTargetDependency section */
		EBFF165193CBF74919C05AB2 /* PBXTargetDependency */ = {
			isa = PBXTargetDependency;
			target = 9DD8A3D0BBD380C25D3A1205 /* WEARy */;
			targetProxy = 663F21B67085E6527CBC5A63 /* PBXContainerItemProxy */;
		};
/* End PBXTargetDependency section */

/* Begin XCBuildConfiguration section */
		346B191717B6903F1740BA29 /* Debug */ = {
			isa = XCBuildConfiguration;
			buildSettings = {
				BUNDLE_LOADER = "$(TEST_HOST)";
				GENERATE_INFOPLIST_FILE = YES;
				LD_RUNPATH_SEARCH_PATHS = (
					"$(inherited)",
					"@executable_path/Frameworks",
					"@loader_path/Frameworks",
				);
				PRODUCT_BUNDLE_IDENTIFIER = com.weary.prototype.tests;
				SDKROOT = iphoneos;
				TARGETED_DEVICE_FAMILY = "1,2";
				TEST_HOST = "$(BUILT_PRODUCTS_DIR)/WEARy.app/$(BUNDLE_EXECUTABLE_FOLDER_PATH)/WEARy";
			};
			name = Debug;
		};
		3E90BF64C9928E59622AF156 /* Debug */ = {
			isa = XCBuildConfiguration;
			buildSettings = {
				ASSETCATALOG_COMPILER_APPICON_NAME = AppIcon;
				ASSETCATALOG_COMPILER_GLOBAL_ACCENT_COLOR_NAME = AccentColor;
				CODE_SIGN_IDENTITY = "iPhone Developer";
				CURRENT_PROJECT_VERSION = 1;
				GENERATE_INFOPLIST_FILE = YES;
				INFOPLIST_KEY_CFBundleDisplayName = WEARy;
				INFOPLIST_KEY_NSCameraUsageDescription = "오늘의 착장과 옷을 촬영하기 위해 카메라 접근이 필요합니다.";
				INFOPLIST_KEY_NSPhotoLibraryUsageDescription = "착장과 옷 사진을 등록하기 위해 사진 보관함 접근이 필요합니다.";
				INFOPLIST_KEY_UIApplicationSceneManifest_Generation = YES;
				INFOPLIST_KEY_UIApplicationSupportsIndirectInputEvents = YES;
				INFOPLIST_KEY_UILaunchScreen_Generation = YES;
				LD_RUNPATH_SEARCH_PATHS = (
					"$(inherited)",
					"@executable_path/Frameworks",
				);
				MARKETING_VERSION = 0.1.0;
				PRODUCT_BUNDLE_IDENTIFIER = com.weary.prototype;
				PRODUCT_NAME = WEARy;
				SDKROOT = iphoneos;
				TARGETED_DEVICE_FAMILY = 1;
			};
			name = Debug;
		};
		C8DC7FE41AF80188947CF1B7 /* Release */ = {
			isa = XCBuildConfiguration;
			buildSettings = {
				BUNDLE_LOADER = "$(TEST_HOST)";
				GENERATE_INFOPLIST_FILE = YES;
				LD_RUNPATH_SEARCH_PATHS = (
					"$(inherited)",
					"@executable_path/Frameworks",
					"@loader_path/Frameworks",
				);
				PRODUCT_BUNDLE_IDENTIFIER = com.weary.prototype.tests;
				SDKROOT = iphoneos;
				TARGETED_DEVICE_FAMILY = "1,2";
				TEST_HOST = "$(BUILT_PRODUCTS_DIR)/WEARy.app/$(BUNDLE_EXECUTABLE_FOLDER_PATH)/WEARy";
			};
			name = Release;
		};
		D8A48A5C908AE4E5B900E56F /* Release */ = {
			isa = XCBuildConfiguration;
			buildSettings = {
				ALWAYS_SEARCH_USER_PATHS = NO;
				CLANG_ANALYZER_NONNULL = YES;
				CLANG_ANALYZER_NUMBER_OBJECT_CONVERSION = YES_AGGRESSIVE;
				CLANG_CXX_LANGUAGE_STANDARD = "gnu++14";
				CLANG_CXX_LIBRARY = "libc++";
				CLANG_ENABLE_MODULES = YES;
				CLANG_ENABLE_OBJC_ARC = YES;
				CLANG_ENABLE_OBJC_WEAK = YES;
				CLANG_WARN_BLOCK_CAPTURE_AUTORELEASING = YES;
				CLANG_WARN_BOOL_CONVERSION = YES;
				CLANG_WARN_COMMA = YES;
				CLANG_WARN_CONSTANT_CONVERSION = YES;
				CLANG_WARN_DEPRECATED_OBJC_IMPLEMENTATIONS = YES;
				CLANG_WARN_DIRECT_OBJC_ISA_USAGE = YES_ERROR;
				CLANG_WARN_DOCUMENTATION_COMMENTS = YES;
				CLANG_WARN_EMPTY_BODY = YES;
				CLANG_WARN_ENUM_CONVERSION = YES;
				CLANG_WARN_INFINITE_RECURSION = YES;
				CLANG_WARN_INT_CONVERSION = YES;
				CLANG_WARN_NON_LITERAL_NULL_CONVERSION = YES;
				CLANG_WARN_OBJC_IMPLICIT_RETAIN_SELF = YES;
				CLANG_WARN_OBJC_LITERAL_CONVERSION = YES;
				CLANG_WARN_OBJC_ROOT_CLASS = YES_ERROR;
				CLANG_WARN_QUOTED_INCLUDE_IN_FRAMEWORK_HEADER = YES;
				CLANG_WARN_RANGE_LOOP_ANALYSIS = YES;
				CLANG_WARN_STRICT_PROTOTYPES = YES;
				CLANG_WARN_SUSPICIOUS_MOVE = YES;
				CLANG_WARN_UNGUARDED_AVAILABILITY = YES_AGGRESSIVE;
				CLANG_WARN_UNREACHABLE_CODE = YES;
				CLANG_WARN__DUPLICATE_METHOD_MATCH = YES;
				CODE_SIGNING_ALLOWED = NO;
				COPY_PHASE_STRIP = NO;
				DEBUG_INFORMATION_FORMAT = "dwarf-with-dsym";
				DEVELOPMENT_TEAM = "";
				ENABLE_NS_ASSERTIONS = NO;
				ENABLE_STRICT_OBJC_MSGSEND = YES;
				GCC_C_LANGUAGE_STANDARD = gnu11;
				GCC_NO_COMMON_BLOCKS = YES;
				GCC_WARN_64_TO_32_BIT_CONVERSION = YES;
				GCC_WARN_ABOUT_RETURN_TYPE = YES_ERROR;
				GCC_WARN_UNDECLARED_SELECTOR = YES;
				GCC_WARN_UNINITIALIZED_AUTOS = YES_AGGRESSIVE;
				GCC_WARN_UNUSED_FUNCTION = YES;
				GCC_WARN_UNUSED_VARIABLE = YES;
				IPHONEOS_DEPLOYMENT_TARGET = 18.0;
				MTL_ENABLE_DEBUG_INFO = NO;
				MTL_FAST_MATH = YES;
				PRODUCT_NAME = "$(TARGET_NAME)";
				SDKROOT = iphoneos;
				SWIFT_COMPILATION_MODE = wholemodule;
				SWIFT_OPTIMIZATION_LEVEL = "-O";
				SWIFT_VERSION = 6.0;
			};
			name = Release;
		};
		E2A6FDB95783ADBF9E5DB75D /* Release */ = {
			isa = XCBuildConfiguration;
			buildSettings = {
				ASSETCATALOG_COMPILER_APPICON_NAME = AppIcon;
				ASSETCATALOG_COMPILER_GLOBAL_ACCENT_COLOR_NAME = AccentColor;
				CODE_SIGN_IDENTITY = "iPhone Developer";
				CURRENT_PROJECT_VERSION = 1;
				GENERATE_INFOPLIST_FILE = YES;
				INFOPLIST_KEY_CFBundleDisplayName = WEARy;
				INFOPLIST_KEY_NSCameraUsageDescription = "오늘의 착장과 옷을 촬영하기 위해 카메라 접근이 필요합니다.";
				INFOPLIST_KEY_NSPhotoLibraryUsageDescription = "착장과 옷 사진을 등록하기 위해 사진 보관함 접근이 필요합니다.";
				INFOPLIST_KEY_UIApplicationSceneManifest_Generation = YES;
				INFOPLIST_KEY_UIApplicationSupportsIndirectInputEvents = YES;
				INFOPLIST_KEY_UILaunchScreen_Generation = YES;
				LD_RUNPATH_SEARCH_PATHS = (
					"$(inherited)",
					"@executable_path/Frameworks",
				);
				MARKETING_VERSION = 0.1.0;
				PRODUCT_BUNDLE_IDENTIFIER = com.weary.prototype;
				PRODUCT_NAME = WEARy;
				SDKROOT = iphoneos;
				TARGETED_DEVICE_FAMILY = 1;
			};
			name = Release;
		};
		F16C3CBCB5E337ABFFBDFD51 /* Debug */ = {
			isa = XCBuildConfiguration;
			buildSettings = {
				ALWAYS_SEARCH_USER_PATHS = NO;
				CLANG_ANALYZER_NONNULL = YES;
				CLANG_ANALYZER_NUMBER_OBJECT_CONVERSION = YES_AGGRESSIVE;
				CLANG_CXX_LANGUAGE_STANDARD = "gnu++14";
				CLANG_CXX_LIBRARY = "libc++";
				CLANG_ENABLE_MODULES = YES;
				CLANG_ENABLE_OBJC_ARC = YES;
				CLANG_ENABLE_OBJC_WEAK = YES;
				CLANG_WARN_BLOCK_CAPTURE_AUTORELEASING = YES;
				CLANG_WARN_BOOL_CONVERSION = YES;
				CLANG_WARN_COMMA = YES;
				CLANG_WARN_CONSTANT_CONVERSION = YES;
				CLANG_WARN_DEPRECATED_OBJC_IMPLEMENTATIONS = YES;
				CLANG_WARN_DIRECT_OBJC_ISA_USAGE = YES_ERROR;
				CLANG_WARN_DOCUMENTATION_COMMENTS = YES;
				CLANG_WARN_EMPTY_BODY = YES;
				CLANG_WARN_ENUM_CONVERSION = YES;
				CLANG_WARN_INFINITE_RECURSION = YES;
				CLANG_WARN_INT_CONVERSION = YES;
				CLANG_WARN_NON_LITERAL_NULL_CONVERSION = YES;
				CLANG_WARN_OBJC_IMPLICIT_RETAIN_SELF = YES;
				CLANG_WARN_OBJC_LITERAL_CONVERSION = YES;
				CLANG_WARN_OBJC_ROOT_CLASS = YES_ERROR;
				CLANG_WARN_QUOTED_INCLUDE_IN_FRAMEWORK_HEADER = YES;
				CLANG_WARN_RANGE_LOOP_ANALYSIS = YES;
				CLANG_WARN_STRICT_PROTOTYPES = YES;
				CLANG_WARN_SUSPICIOUS_MOVE = YES;
				CLANG_WARN_UNGUARDED_AVAILABILITY = YES_AGGRESSIVE;
				CLANG_WARN_UNREACHABLE_CODE = YES;
				CLANG_WARN__DUPLICATE_METHOD_MATCH = YES;
				CODE_SIGNING_ALLOWED = NO;
				COPY_PHASE_STRIP = NO;
				DEBUG_INFORMATION_FORMAT = dwarf;
				DEVELOPMENT_TEAM = "";
				ENABLE_STRICT_OBJC_MSGSEND = YES;
				ENABLE_TESTABILITY = YES;
				GCC_C_LANGUAGE_STANDARD = gnu11;
				GCC_DYNAMIC_NO_PIC = NO;
				GCC_NO_COMMON_BLOCKS = YES;
				GCC_OPTIMIZATION_LEVEL = 0;
				GCC_PREPROCESSOR_DEFINITIONS = (
					"$(inherited)",
					"DEBUG=1",
				);
				GCC_WARN_64_TO_32_BIT_CONVERSION = YES;
				GCC_WARN_ABOUT_RETURN_TYPE = YES_ERROR;
				GCC_WARN_UNDECLARED_SELECTOR = YES;
				GCC_WARN_UNINITIALIZED_AUTOS = YES_AGGRESSIVE;
				GCC_WARN_UNUSED_FUNCTION = YES;
				GCC_WARN_UNUSED_VARIABLE = YES;
				IPHONEOS_DEPLOYMENT_TARGET = 18.0;
				MTL_ENABLE_DEBUG_INFO = INCLUDE_SOURCE;
				MTL_FAST_MATH = YES;
				ONLY_ACTIVE_ARCH = YES;
				PRODUCT_NAME = "$(TARGET_NAME)";
				SDKROOT = iphoneos;
				SWIFT_ACTIVE_COMPILATION_CONDITIONS = DEBUG;
				SWIFT_OPTIMIZATION_LEVEL = "-Onone";
				SWIFT_VERSION = 6.0;
			};
			name = Debug;
		};
/* End XCBuildConfiguration section */

/* Begin XCConfigurationList section */
		536F9F3A0CC1AFF2EBBC072E /* Build configuration list for PBXNativeTarget "WEARyTests" */ = {
			isa = XCConfigurationList;
			buildConfigurations = (
				346B191717B6903F1740BA29 /* Debug */,
				C8DC7FE41AF80188947CF1B7 /* Release */,
			);
			defaultConfigurationIsVisible = 0;
			defaultConfigurationName = Debug;
		};
		B551C31F30A2025132A18820 /* Build configuration list for PBXProject "WEARy" */ = {
			isa = XCConfigurationList;
			buildConfigurations = (
				F16C3CBCB5E337ABFFBDFD51 /* Debug */,
				D8A48A5C908AE4E5B900E56F /* Release */,
			);
			defaultConfigurationIsVisible = 0;
			defaultConfigurationName = Debug;
		};
		D861271B279F75941C799F12 /* Build configuration list for PBXNativeTarget "WEARy" */ = {
			isa = XCConfigurationList;
			buildConfigurations = (
				3E90BF64C9928E59622AF156 /* Debug */,
				E2A6FDB95783ADBF9E5DB75D /* Release */,
			);
			defaultConfigurationIsVisible = 0;
			defaultConfigurationName = Debug;
		};
/* End XCConfigurationList section */
	};
	rootObject = D10EF33687AA9BDB122DC5CE /* Project object */;
}
