// !$*UTF8*$!
{
	archiveVersion = 1;
	classes = {
	};
	objectVersion = 77;
	objects = {

/* Begin PBXBuildFile section */
		067C09C6F577FF2296A212CF /* WardrobeInsightsView.swift in Sources */ = {isa = PBXBuildFile; fileRef = 7EABE584631562BA3546A6F4 /* WardrobeInsightsView.swift */; };
		17E4EB45CA9B68F0FC439FE8 /* MarketView.swift in Sources */ = {isa = PBXBuildFile; fileRef = 34A3E80602847222DDA58904 /* MarketView.swift */; };
		1B80746C4352690D940C43A5 /* GarmentDetailView.swift in Sources */ = {isa = PBXBuildFile; fileRef = 2C3C149F4F711AB873F2E153 /* GarmentDetailView.swift */; };
		2ADFA6EBF5F0CFB24190ABB9 /* MarketPhotoEditorView.swift in Sources */ = {isa = PBXBuildFile; fileRef = E2E98DBE704AC2C3AC40A384 /* MarketPhotoEditorView.swift */; };
		2DA6602E738816C8B0AB46CC /* CameraPicker.swift in Sources */ = {isa = PBXBuildFile; fileRef = 24C239F4DDCA583C5A5F1776 /* CameraPicker.swift */; };
		330F17106A6BC2C300502282 /* SampleDataSeeder.swift in Sources */ = {isa = PBXBuildFile; fileRef = 77CCB18CF598C0B07C2C85CA /* SampleDataSeeder.swift */; };
		3361C2EF9CC1B0E408B81443 /* Assets.xcassets in Resources */ = {isa = PBXBuildFile; fileRef = C79D020B4D50CA81A44531D6 /* Assets.xcassets */; };
		33AE3F931E5E5C770142C893 /* OutfitAnalyzing.swift in Sources */ = {isa = PBXBuildFile; fileRef = 6C53731B5AF953E1BC4366C5 /* OutfitAnalyzing.swift */; };
		3599C73CC95D3B1D2DD0D979 /* MarketListing.swift in Sources */ = {isa = PBXBuildFile; fileRef = 91F8AA34C93C727A49D7D6D5 /* MarketListing.swift */; };
		3BDC60D6BE2FE29155100B40 /* CommunityInteractionRepository.swift in Sources */ = {isa = PBXBuildFile; fileRef = 981B2BF802938562BF0F8605 /* CommunityInteractionRepository.swift */; };
		3CAC64E8405D40AD9815E64E /* SupabaseService.swift in Sources */ = {isa = PBXBuildFile; fileRef = 85EDC6B33EF1A9670BF5CBCD /* SupabaseService.swift */; };
		3E8F63BE86D60E5B057004D1 /* CommunityPost.swift in Sources */ = {isa = PBXBuildFile; fileRef = 2823FDD51FA71EA66D4B619A /* CommunityPost.swift */; };
		427F278721697B64C21DD6E2 /* Supabase in Frameworks */ = {isa = PBXBuildFile; productRef = CB6DC0D0BC133AB9F12822EB /* Supabase */; };
		44848AC067F5ED6A2D9E78D2 /* MonthOutfitCalendarView.swift in Sources */ = {isa = PBXBuildFile; fileRef = 76EFCC9181CDF1F27AC45F90 /* MonthOutfitCalendarView.swift */; };
		4678A2CB74D7BB951FCC1581 /* OutfitFlowTests.swift in Sources */ = {isa = PBXBuildFile; fileRef = E5812FFDF4ED64C5045A858F /* OutfitFlowTests.swift */; };
		48BD773D10E0D3D8232C11B9 /* AuthenticationView.swift in Sources */ = {isa = PBXBuildFile; fileRef = 0BBA0D4D242C9ACFF3DD4A1C /* AuthenticationView.swift */; };
		5582C5B7CF0ADAA220D024E7 /* MarketChatViews.swift in Sources */ = {isa = PBXBuildFile; fileRef = D875D25E6A2145D92C232825 /* MarketChatViews.swift */; };
		5BA98BB92C99AB431A3E1FE4 /* OutfitRecordService.swift in Sources */ = {isa = PBXBuildFile; fileRef = 54A4B8F85505A05A4CA45B18 /* OutfitRecordService.swift */; };
		6271A2A1CE369A5C51B74703 /* WEARyApp.swift in Sources */ = {isa = PBXBuildFile; fileRef = 22AD6B04DD18E16C7DF385DB /* WEARyApp.swift */; };
		65D8A15FCC1897C3CEDA6733 /* AccountProfileView.swift in Sources */ = {isa = PBXBuildFile; fileRef = BF4FBA028BF9B8B08C3B07E3 /* AccountProfileView.swift */; };
		6C3EDF65005EB3E3434A6D40 /* GarmentArtwork.swift in Sources */ = {isa = PBXBuildFile; fileRef = 3F8201B35CDC2D7F227B435F /* GarmentArtwork.swift */; };
		730AFC137E610F382521084B /* MeetingPlacePickerView.swift in Sources */ = {isa = PBXBuildFile; fileRef = FA76ACD8AA13CB84801A550D /* MeetingPlacePickerView.swift */; };
		73DFF9DD177F48648ECF99C3 /* Garment.swift in Sources */ = {isa = PBXBuildFile; fileRef = 8B95B430ABCABDD13607100A /* Garment.swift */; };
		751E9369D68885EF00CE8056 /* CommunityFeedRepository.swift in Sources */ = {isa = PBXBuildFile; fileRef = 7F2312D75F5627C5342577B5 /* CommunityFeedRepository.swift */; };
		7C06A6D65488CCA798BC9143 /* WEARyTheme.swift in Sources */ = {isa = PBXBuildFile; fileRef = 4FE9CF6B3115EC06903CC4CD /* WEARyTheme.swift */; };
		8ACDE1A80D759B41221FFC4C /* WEARyUITests.swift in Sources */ = {isa = PBXBuildFile; fileRef = 7C7D1E359601AB7551718EEA /* WEARyUITests.swift */; };
		8FEE8FB4FB02C415342E37D2 /* OnboardingView.swift in Sources */ = {isa = PBXBuildFile; fileRef = 54AD0DF25893AE52312C3C0B /* OnboardingView.swift */; };
		910CB1F1682B2CBA66F66FFD /* Outfit.swift in Sources */ = {isa = PBXBuildFile; fileRef = 4F669DC81CDA5EC68164402B /* Outfit.swift */; };
		91DD7082A40AE540FBCA393C /* WardrobeInsights.swift in Sources */ = {isa = PBXBuildFile; fileRef = F715E8814192EB9396202EFA /* WardrobeInsights.swift */; };
		92360687E87E1671BF48E8BC /* CommunityPostPublisher.swift in Sources */ = {isa = PBXBuildFile; fileRef = 98E0F1F76DF135FDD1ECFE30 /* CommunityPostPublisher.swift */; };
		9ABC4E682D2153E0737B1A71 /* LaunchScreen.storyboard in Resources */ = {isa = PBXBuildFile; fileRef = 9286AC6A777DAF8CB1C30552 /* LaunchScreen.storyboard */; };
		AAB09A3C8C75C4DE40D1C517 /* FeedView.swift in Sources */ = {isa = PBXBuildFile; fileRef = 2128FB884A55142F4E78D46E /* FeedView.swift */; };
		BA850FB60E804B398FEF164B /* WardrobeView.swift in Sources */ = {isa = PBXBuildFile; fileRef = 39A1BD1D09B5751BB982B218 /* WardrobeView.swift */; };
		C0082FE33DE4C5193EB7585C /* SupabaseIntegrationTests.swift in Sources */ = {isa = PBXBuildFile; fileRef = 01F4B5A747A653FF2CD15627 /* SupabaseIntegrationTests.swift */; };
		C4DB425FA0C1A7339A4EACBC /* MarketChatRepository.swift in Sources */ = {isa = PBXBuildFile; fileRef = DA915BA4BB196F5D0E1E195E /* MarketChatRepository.swift */; };
		D7E11045D5E679DA98366A3B /* ProfileView.swift in Sources */ = {isa = PBXBuildFile; fileRef = 71EA2D10AF32EF2F65BC18BD /* ProfileView.swift */; };
		D9F50081EC87FEFF215EB516 /* MarketInteractionRepository.swift in Sources */ = {isa = PBXBuildFile; fileRef = D7D1729E03FFE8332059EFE9 /* MarketInteractionRepository.swift */; };
		DC1E9D0B4493AD02683909EB /* GarmentCutoutService.swift in Sources */ = {isa = PBXBuildFile; fileRef = AA2FDFB74E5CF511FA35BC26 /* GarmentCutoutService.swift */; };
		E4116546E5360610A7D9068B /* AuthenticationStore.swift in Sources */ = {isa = PBXBuildFile; fileRef = FFA69A7A4BBDBDA7C58281D6 /* AuthenticationStore.swift */; };
		EDE900612812B7CB78DFDEF1 /* MarketListingRepository.swift in Sources */ = {isa = PBXBuildFile; fileRef = 5FB827D7AA033E21EE577B88 /* MarketListingRepository.swift */; };
		EFC26848D803CAA43BD977E9 /* CaptureView.swift in Sources */ = {isa = PBXBuildFile; fileRef = C38C71C200731C375660EF17 /* CaptureView.swift */; };
		F234F17572BE66A3286CC9F6 /* MarketListingMutationRepository.swift in Sources */ = {isa = PBXBuildFile; fileRef = BA86AB88C76EF7A9592410E4 /* MarketListingMutationRepository.swift */; };
		F9E583AF2461FC6F15B553A4 /* RootTabView.swift in Sources */ = {isa = PBXBuildFile; fileRef = 59C5442CDF1AD356B1123FE1 /* RootTabView.swift */; };
		FE65C978383ACCB7DB2E2D7D /* GarmentEditorView.swift in Sources */ = {isa = PBXBuildFile; fileRef = 9AE57F226B78F9845A928B97 /* GarmentEditorView.swift */; };
/* End PBXBuildFile section */

/* Begin PBXContainerItemProxy section */
		54D7A09198E08449BEED344E /* PBXContainerItemProxy */ = {
			isa = PBXContainerItemProxy;
			containerPortal = D10EF33687AA9BDB122DC5CE /* Project object */;
			proxyType = 1;
			remoteGlobalIDString = 9DD8A3D0BBD380C25D3A1205;
			remoteInfo = WEARy;
		};
		663F21B67085E6527CBC5A63 /* PBXContainerItemProxy */ = {
			isa = PBXContainerItemProxy;
			containerPortal = D10EF33687AA9BDB122DC5CE /* Project object */;
			proxyType = 1;
			remoteGlobalIDString = 9DD8A3D0BBD380C25D3A1205;
			remoteInfo = WEARy;
		};
/* End PBXContainerItemProxy section */

/* Begin PBXFileReference section */
		01F4B5A747A653FF2CD15627 /* SupabaseIntegrationTests.swift */ = {isa = PBXFileReference; lastKnownFileType = sourcecode.swift; path = SupabaseIntegrationTests.swift; sourceTree = "<group>"; };
		0BBA0D4D242C9ACFF3DD4A1C /* AuthenticationView.swift */ = {isa = PBXFileReference; lastKnownFileType = sourcecode.swift; path = AuthenticationView.swift; sourceTree = "<group>"; };
		2128FB884A55142F4E78D46E /* FeedView.swift */ = {isa = PBXFileReference; lastKnownFileType = sourcecode.swift; path = FeedView.swift; sourceTree = "<group>"; };
		22AD6B04DD18E16C7DF385DB /* WEARyApp.swift */ = {isa = PBXFileReference; lastKnownFileType = sourcecode.swift; path = WEARyApp.swift; sourceTree = "<group>"; };
		24C239F4DDCA583C5A5F1776 /* CameraPicker.swift */ = {isa = PBXFileReference; lastKnownFileType = sourcecode.swift; path = CameraPicker.swift; sourceTree = "<group>"; };
		2823FDD51FA71EA66D4B619A /* CommunityPost.swift */ = {isa = PBXFileReference; lastKnownFileType = sourcecode.swift; path = CommunityPost.swift; sourceTree = "<group>"; };
		2C3C149F4F711AB873F2E153 /* GarmentDetailView.swift */ = {isa = PBXFileReference; lastKnownFileType = sourcecode.swift; path = GarmentDetailView.swift; sourceTree = "<group>"; };
		34A3E80602847222DDA58904 /* MarketView.swift */ = {isa = PBXFileReference; lastKnownFileType = sourcecode.swift; path = MarketView.swift; sourceTree = "<group>"; };
		39A1BD1D09B5751BB982B218 /* WardrobeView.swift */ = {isa = PBXFileReference; lastKnownFileType = sourcecode.swift; path = WardrobeView.swift; sourceTree = "<group>"; };
		3F8201B35CDC2D7F227B435F /* GarmentArtwork.swift */ = {isa = PBXFileReference; lastKnownFileType = sourcecode.swift; path = GarmentArtwork.swift; sourceTree = "<group>"; };
		4F669DC81CDA5EC68164402B /* Outfit.swift */ = {isa = PBXFileReference; lastKnownFileType = sourcecode.swift; path = Outfit.swift; sourceTree = "<group>"; };
		4FE9CF6B3115EC06903CC4CD /* WEARyTheme.swift */ = {isa = PBXFileReference; lastKnownFileType = sourcecode.swift; path = WEARyTheme.swift; sourceTree = "<group>"; };
		54A4B8F85505A05A4CA45B18 /* OutfitRecordService.swift */ = {isa = PBXFileReference; lastKnownFileType = sourcecode.swift; path = OutfitRecordService.swift; sourceTree = "<group>"; };
		54AD0DF25893AE52312C3C0B /* OnboardingView.swift */ = {isa = PBXFileReference; lastKnownFileType = sourcecode.swift; path = OnboardingView.swift; sourceTree = "<group>"; };
		59C5442CDF1AD356B1123FE1 /* RootTabView.swift */ = {isa = PBXFileReference; lastKnownFileType = sourcecode.swift; path = RootTabView.swift; sourceTree = "<group>"; };
		5FB827D7AA033E21EE577B88 /* MarketListingRepository.swift */ = {isa = PBXFileReference; lastKnownFileType = sourcecode.swift; path = MarketListingRepository.swift; sourceTree = "<group>"; };
		6C53731B5AF953E1BC4366C5 /* OutfitAnalyzing.swift */ = {isa = PBXFileReference; lastKnownFileType = sourcecode.swift; path = OutfitAnalyzing.swift; sourceTree = "<group>"; };
		71EA2D10AF32EF2F65BC18BD /* ProfileView.swift */ = {isa = PBXFileReference; lastKnownFileType = sourcecode.swift; path = ProfileView.swift; sourceTree = "<group>"; };
		76EFCC9181CDF1F27AC45F90 /* MonthOutfitCalendarView.swift */ = {isa = PBXFileReference; lastKnownFileType = sourcecode.swift; path = MonthOutfitCalendarView.swift; sourceTree = "<group>"; };
		77CCB18CF598C0B07C2C85CA /* SampleDataSeeder.swift */ = {isa = PBXFileReference; lastKnownFileType = sourcecode.swift; path = SampleDataSeeder.swift; sourceTree = "<group>"; };
		7C7D1E359601AB7551718EEA /* WEARyUITests.swift */ = {isa = PBXFileReference; lastKnownFileType = sourcecode.swift; path = WEARyUITests.swift; sourceTree = "<group>"; };
		7EABE584631562BA3546A6F4 /* WardrobeInsightsView.swift */ = {isa = PBXFileReference; lastKnownFileType = sourcecode.swift; path = WardrobeInsightsView.swift; sourceTree = "<group>"; };
		7F2312D75F5627C5342577B5 /* CommunityFeedRepository.swift */ = {isa = PBXFileReference; lastKnownFileType = sourcecode.swift; path = CommunityFeedRepository.swift; sourceTree = "<group>"; };
		85EDC6B33EF1A9670BF5CBCD /* SupabaseService.swift */ = {isa = PBXFileReference; lastKnownFileType = sourcecode.swift; path = SupabaseService.swift; sourceTree = "<group>"; };
		86B5787FE490CB938E4B6D86 /* WEARy.app */ = {isa = PBXFileReference; includeInIndex = 0; lastKnownFileType = wrapper.application; path = WEARy.app; sourceTree = BUILT_PRODUCTS_DIR; };
		8B95B430ABCABDD13607100A /* Garment.swift */ = {isa = PBXFileReference; lastKnownFileType = sourcecode.swift; path = Garment.swift; sourceTree = "<group>"; };
		91F8AA34C93C727A49D7D6D5 /* MarketListing.swift */ = {isa = PBXFileReference; lastKnownFileType = sourcecode.swift; path = MarketListing.swift; sourceTree = "<group>"; };
		9286AC6A777DAF8CB1C30552 /* LaunchScreen.storyboard */ = {isa = PBXFileReference; lastKnownFileType = file.storyboard; path = LaunchScreen.storyboard; sourceTree = "<group>"; };
		981B2BF802938562BF0F8605 /* CommunityInteractionRepository.swift */ = {isa = PBXFileReference; lastKnownFileType = sourcecode.swift; path = CommunityInteractionRepository.swift; sourceTree = "<group>"; };
		98E0F1F76DF135FDD1ECFE30 /* CommunityPostPublisher.swift */ = {isa = PBXFileReference; lastKnownFileType = sourcecode.swift; path = CommunityPostPublisher.swift; sourceTree = "<group>"; };
		9AE57F226B78F9845A928B97 /* GarmentEditorView.swift */ = {isa = PBXFileReference; lastKnownFileType = sourcecode.swift; path = GarmentEditorView.swift; sourceTree = "<group>"; };
		A1C1F9140F5C9FB51583D65A /* Supabase.xcconfig */ = {isa = PBXFileReference; lastKnownFileType = text.xcconfig; path = Supabase.xcconfig; sourceTree = "<group>"; };
		A2EAF631F66C9DE33E606B19 /* WEARyUITests.xctest */ = {isa = PBXFileReference; includeInIndex = 0; lastKnownFileType = wrapper.cfbundle; path = WEARyUITests.xctest; sourceTree = BUILT_PRODUCTS_DIR; };
		AA2FDFB74E5CF511FA35BC26 /* GarmentCutoutService.swift */ = {isa = PBXFileReference; lastKnownFileType = sourcecode.swift; path = GarmentCutoutService.swift; sourceTree = "<group>"; };
		BA86AB88C76EF7A9592410E4 /* MarketListingMutationRepository.swift */ = {isa = PBXFileReference; lastKnownFileType = sourcecode.swift; path = MarketListingMutationRepository.swift; sourceTree = "<group>"; };
		BF4FBA028BF9B8B08C3B07E3 /* AccountProfileView.swift */ = {isa = PBXFileReference; lastKnownFileType = sourcecode.swift; path = AccountProfileView.swift; sourceTree = "<group>"; };
		C38C71C200731C375660EF17 /* CaptureView.swift */ = {isa = PBXFileReference; lastKnownFileType = sourcecode.swift; path = CaptureView.swift; sourceTree = "<group>"; };
		C79D020B4D50CA81A44531D6 /* Assets.xcassets */ = {isa = PBXFileReference; lastKnownFileType = folder.assetcatalog; path = Assets.xcassets; sourceTree = "<group>"; };
		D7D1729E03FFE8332059EFE9 /* MarketInteractionRepository.swift */ = {isa = PBXFileReference; lastKnownFileType = sourcecode.swift; path = MarketInteractionRepository.swift; sourceTree = "<group>"; };
		D875D25E6A2145D92C232825 /* MarketChatViews.swift */ = {isa = PBXFileReference; lastKnownFileType = sourcecode.swift; path = MarketChatViews.swift; sourceTree = "<group>"; };
		DA915BA4BB196F5D0E1E195E /* MarketChatRepository.swift */ = {isa = PBXFileReference; lastKnownFileType = sourcecode.swift; path = MarketChatRepository.swift; sourceTree = "<group>"; };
		E2E98DBE704AC2C3AC40A384 /* MarketPhotoEditorView.swift */ = {isa = PBXFileReference; lastKnownFileType = sourcecode.swift; path = MarketPhotoEditorView.swift; sourceTree = "<group>"; };
		E5812FFDF4ED64C5045A858F /* OutfitFlowTests.swift */ = {isa = PBXFileReference; lastKnownFileType = sourcecode.swift; path = OutfitFlowTests.swift; sourceTree = "<group>"; };
		F715E8814192EB9396202EFA /* WardrobeInsights.swift */ = {isa = PBXFileReference; lastKnownFileType = sourcecode.swift; path = WardrobeInsights.swift; sourceTree = "<group>"; };
		FA76ACD8AA13CB84801A550D /* MeetingPlacePickerView.swift */ = {isa = PBXFileReference; lastKnownFileType = sourcecode.swift; path = MeetingPlacePickerView.swift; sourceTree = "<group>"; };
		FD460AAFAE65B8AA4C82F2D5 /* WEARyTests.xctest */ = {isa = PBXFileReference; includeInIndex = 0; lastKnownFileType = wrapper.cfbundle; path = WEARyTests.xctest; sourceTree = BUILT_PRODUCTS_DIR; };
		FFA69A7A4BBDBDA7C58281D6 /* AuthenticationStore.swift */ = {isa = PBXFileReference; lastKnownFileType = sourcecode.swift; path = AuthenticationStore.swift; sourceTree = "<group>"; };
/* End PBXFileReference section */

/* Begin PBXFrameworksBuildPhase section */
		5328B30B818A32E0BE496E2B /* Frameworks */ = {
			isa = PBXFrameworksBuildPhase;
			buildActionMask = 2147483647;
			files = (
				427F278721697B64C21DD6E2 /* Supabase in Frameworks */,
			);
			runOnlyForDeploymentPostprocessing = 0;
		};
/* End PBXFrameworksBuildPhase section */

/* Begin PBXGroup section */
		1D4282EF75CD473F9DA023E4 /* Models */ = {
			isa = PBXGroup;
			children = (
				2823FDD51FA71EA66D4B619A /* CommunityPost.swift */,
				8B95B430ABCABDD13607100A /* Garment.swift */,
				91F8AA34C93C727A49D7D6D5 /* MarketListing.swift */,
				4F669DC81CDA5EC68164402B /* Outfit.swift */,
			);
			path = Models;
			sourceTree = "<group>";
		};
		3055307BA22313D29C1C0FB7 /* Profile */ = {
			isa = PBXGroup;
			children = (
				BF4FBA028BF9B8B08C3B07E3 /* AccountProfileView.swift */,
				76EFCC9181CDF1F27AC45F90 /* MonthOutfitCalendarView.swift */,
				71EA2D10AF32EF2F65BC18BD /* ProfileView.swift */,
				7EABE584631562BA3546A6F4 /* WardrobeInsightsView.swift */,
			);
			path = Profile;
			sourceTree = "<group>";
		};
		33E3E6B0652678D7FE25DACA = {
			isa = PBXGroup;
			children = (
				47E8F6B41F186D1B57D49986 /* Config */,
				F089F300EB7B82FF2BABA979 /* WEARy */,
				57FE687252CA37FB30ADE207 /* WEARyTests */,
				8D00925B4BF66363781B2045 /* WEARyUITests */,
				922E3E294A20C59E9B2FD66F /* Products */,
			);
			sourceTree = "<group>";
		};
		42B16661BD47380C33F06203 /* Components */ = {
			isa = PBXGroup;
			children = (
				24C239F4DDCA583C5A5F1776 /* CameraPicker.swift */,
				3F8201B35CDC2D7F227B435F /* GarmentArtwork.swift */,
			);
			path = Components;
			sourceTree = "<group>";
		};
		47E8F6B41F186D1B57D49986 /* Config */ = {
			isa = PBXGroup;
			children = (
				A1C1F9140F5C9FB51583D65A /* Supabase.xcconfig */,
			);
			path = Config;
			sourceTree = "<group>";
		};
		4FC3BC126A99F21A358F8360 /* Features */ = {
			isa = PBXGroup;
			children = (
				F3C3B6ED0B6B5208BB2CC76E /* Authentication */,
				937EF0EE6F4440B011B7E1FF /* Capture */,
				B38387DFA722C846AA0999A5 /* Feed */,
				92C6BE02BEC0204F10137F9F /* Market */,
				6988C64C9697AC995FE73065 /* Onboarding */,
				3055307BA22313D29C1C0FB7 /* Profile */,
				58C98650871219A892E603EE /* Wardrobe */,
			);
			path = Features;
			sourceTree = "<group>";
		};
		546BC57FE0A6C17BF688C722 /* Resources */ = {
			isa = PBXGroup;
			children = (
				C79D020B4D50CA81A44531D6 /* Assets.xcassets */,
				9286AC6A777DAF8CB1C30552 /* LaunchScreen.storyboard */,
			);
			path = Resources;
			sourceTree = "<group>";
		};
		57BE7901F536F59503FD7394 /* App */ = {
			isa = PBXGroup;
			children = (
				59C5442CDF1AD356B1123FE1 /* RootTabView.swift */,
				22AD6B04DD18E16C7DF385DB /* WEARyApp.swift */,
			);
			path = App;
			sourceTree = "<group>";
		};
		57FE687252CA37FB30ADE207 /* WEARyTests */ = {
			isa = PBXGroup;
			children = (
				E5812FFDF4ED64C5045A858F /* OutfitFlowTests.swift */,
				01F4B5A747A653FF2CD15627 /* SupabaseIntegrationTests.swift */,
			);
			path = WEARyTests;
			sourceTree = "<group>";
		};
		58C98650871219A892E603EE /* Wardrobe */ = {
			isa = PBXGroup;
			children = (
				2C3C149F4F711AB873F2E153 /* GarmentDetailView.swift */,
				9AE57F226B78F9845A928B97 /* GarmentEditorView.swift */,
				39A1BD1D09B5751BB982B218 /* WardrobeView.swift */,
			);
			path = Wardrobe;
			sourceTree = "<group>";
		};
		6988C64C9697AC995FE73065 /* Onboarding */ = {
			isa = PBXGroup;
			children = (
				54AD0DF25893AE52312C3C0B /* OnboardingView.swift */,
			);
			path = Onboarding;
			sourceTree = "<group>";
		};
		7A8D6CB6F3C3A648468F0B62 /* DesignSystem */ = {
			isa = PBXGroup;
			children = (
				4FE9CF6B3115EC06903CC4CD /* WEARyTheme.swift */,
			);
			path = DesignSystem;
			sourceTree = "<group>";
		};
		7AE90E7CC3D4CF65DC2A7F7B /* Services */ = {
			isa = PBXGroup;
			children = (
				FFA69A7A4BBDBDA7C58281D6 /* AuthenticationStore.swift */,
				7F2312D75F5627C5342577B5 /* CommunityFeedRepository.swift */,
				981B2BF802938562BF0F8605 /* CommunityInteractionRepository.swift */,
				98E0F1F76DF135FDD1ECFE30 /* CommunityPostPublisher.swift */,
				AA2FDFB74E5CF511FA35BC26 /* GarmentCutoutService.swift */,
				DA915BA4BB196F5D0E1E195E /* MarketChatRepository.swift */,
				D7D1729E03FFE8332059EFE9 /* MarketInteractionRepository.swift */,
				BA86AB88C76EF7A9592410E4 /* MarketListingMutationRepository.swift */,
				5FB827D7AA033E21EE577B88 /* MarketListingRepository.swift */,
				6C53731B5AF953E1BC4366C5 /* OutfitAnalyzing.swift */,
				54A4B8F85505A05A4CA45B18 /* OutfitRecordService.swift */,
				85EDC6B33EF1A9670BF5CBCD /* SupabaseService.swift */,
				F715E8814192EB9396202EFA /* WardrobeInsights.swift */,
			);
			path = Services;
			sourceTree = "<group>";
		};
		889E223F78C97847854915C3 /* Core */ = {
			isa = PBXGroup;
			children = (
				42B16661BD47380C33F06203 /* Components */,
				7A8D6CB6F3C3A648468F0B62 /* DesignSystem */,
				1D4282EF75CD473F9DA023E4 /* Models */,
				E7F78DE8F27A24C3AC62CB10 /* SampleData */,
				7AE90E7CC3D4CF65DC2A7F7B /* Services */,
			);
			path = Core;
			sourceTree = "<group>";
		};
		8D00925B4BF66363781B2045 /* WEARyUITests */ = {
			isa = PBXGroup;
			children = (
				7C7D1E359601AB7551718EEA /* WEARyUITests.swift */,
			);
			path = WEARyUITests;
			sourceTree = "<group>";
		};
		922E3E294A20C59E9B2FD66F /* Products */ = {
			isa = PBXGroup;
			children = (
				86B5787FE490CB938E4B6D86 /* WEARy.app */,
				FD460AAFAE65B8AA4C82F2D5 /* WEARyTests.xctest */,
				A2EAF631F66C9DE33E606B19 /* WEARyUITests.xctest */,
			);
			name = Products;
			sourceTree = "<group>";
		};
		92C6BE02BEC0204F10137F9F /* Market */ = {
			isa = PBXGroup;
			children = (
				D875D25E6A2145D92C232825 /* MarketChatViews.swift */,
				E2E98DBE704AC2C3AC40A384 /* MarketPhotoEditorView.swift */,
				34A3E80602847222DDA58904 /* MarketView.swift */,
				FA76ACD8AA13CB84801A550D /* MeetingPlacePickerView.swift */,
			);
			path = Market;
			sourceTree = "<group>";
		};
		937EF0EE6F4440B011B7E1FF /* Capture */ = {
			isa = PBXGroup;
			children = (
				C38C71C200731C375660EF17 /* CaptureView.swift */,
			);
			path = Capture;
			sourceTree = "<group>";
		};
		B38387DFA722C846AA0999A5 /* Feed */ = {
			isa = PBXGroup;
			children = (
				2128FB884A55142F4E78D46E /* FeedView.swift */,
			);
			path = Feed;
			sourceTree = "<group>";
		};
		E7F78DE8F27A24C3AC62CB10 /* SampleData */ = {
			isa = PBXGroup;
			children = (
				77CCB18CF598C0B07C2C85CA /* SampleDataSeeder.swift */,
			);
			path = SampleData;
			sourceTree = "<group>";
		};
		F089F300EB7B82FF2BABA979 /* WEARy */ = {
			isa = PBXGroup;
			children = (
				57BE7901F536F59503FD7394 /* App */,
				889E223F78C97847854915C3 /* Core */,
				4FC3BC126A99F21A358F8360 /* Features */,
				546BC57FE0A6C17BF688C722 /* Resources */,
			);
			path = WEARy;
			sourceTree = "<group>";
		};
		F3C3B6ED0B6B5208BB2CC76E /* Authentication */ = {
			isa = PBXGroup;
			children = (
				0BBA0D4D242C9ACFF3DD4A1C /* AuthenticationView.swift */,
			);
			path = Authentication;
			sourceTree = "<group>";
		};
/* End PBXGroup section */

/* Begin PBXNativeTarget section */
		9DD8A3D0BBD380C25D3A1205 /* WEARy */ = {
			isa = PBXNativeTarget;
			buildConfigurationList = D861271B279F75941C799F12 /* Build configuration list for PBXNativeTarget "WEARy" */;
			buildPhases = (
				AA5CC78378EE70ED8506B1BB /* Sources */,
				A8ABBE1956E507D6C2FB5A36 /* Resources */,
				5328B30B818A32E0BE496E2B /* Frameworks */,
			);
			buildRules = (
			);
			dependencies = (
			);
			name = WEARy;
			packageProductDependencies = (
				CB6DC0D0BC133AB9F12822EB /* Supabase */,
			);
			productName = WEARy;
			productReference = 86B5787FE490CB938E4B6D86 /* WEARy.app */;
			productType = "com.apple.product-type.application";
		};
		AA14B9D589C5962544035B18 /* WEARyUITests */ = {
			isa = PBXNativeTarget;
			buildConfigurationList = A461BF4A7F8B6F4BF40B519A /* Build configuration list for PBXNativeTarget "WEARyUITests" */;
			buildPhases = (
				9A15FCC47DAE7994DEF85050 /* Sources */,
			);
			buildRules = (
			);
			dependencies = (
				9C02D7F08CE14098B443CB8D /* PBXTargetDependency */,
			);
			name = WEARyUITests;
			packageProductDependencies = (
			);
			productName = WEARyUITests;
			productReference = A2EAF631F66C9DE33E606B19 /* WEARyUITests.xctest */;
			productType = "com.apple.product-type.bundle.ui-testing";
		};
		DFE3252E44C437966852D6E5 /* WEARyTests */ = {
			isa = PBXNativeTarget;
			buildConfigurationList = 536F9F3A0CC1AFF2EBBC072E /* Build configuration list for PBXNativeTarget "WEARyTests" */;
			buildPhases = (
				221974F91175EDB9AB296F83 /* Sources */,
			);
			buildRules = (
			);
			dependencies = (
				EBFF165193CBF74919C05AB2 /* PBXTargetDependency */,
			);
			name = WEARyTests;
			packageProductDependencies = (
			);
			productName = WEARyTests;
			productReference = FD460AAFAE65B8AA4C82F2D5 /* WEARyTests.xctest */;
			productType = "com.apple.product-type.bundle.unit-test";
		};
/* End PBXNativeTarget section */

/* Begin PBXProject section */
		D10EF33687AA9BDB122DC5CE /* Project object */ = {
			isa = PBXProject;
			attributes = {
				BuildIndependentTargetsInParallel = YES;
				LastUpgradeCheck = 1430;
				TargetAttributes = {
					9DD8A3D0BBD380C25D3A1205 = {
						DevelopmentTeam = NSFKUQF8TG;
						ProvisioningStyle = Automatic;
					};
					AA14B9D589C5962544035B18 = {
						DevelopmentTeam = NSFKUQF8TG;
						ProvisioningStyle = Automatic;
						TestTargetID = 9DD8A3D0BBD380C25D3A1205;
					};
					DFE3252E44C437966852D6E5 = {
						DevelopmentTeam = NSFKUQF8TG;
						ProvisioningStyle = Automatic;
					};
				};
			};
			buildConfigurationList = B551C31F30A2025132A18820 /* Build configuration list for PBXProject "WEARy" */;
			developmentRegion = en;
			hasScannedForEncodings = 0;
			knownRegions = (
				Base,
				en,
			);
			mainGroup = 33E3E6B0652678D7FE25DACA;
			minimizedProjectReferenceProxies = 1;
			packageReferences = (
				DF69797C55F91F78D2E4F0A0 /* XCRemoteSwiftPackageReference "supabase-swift" */,
			);
			preferredProjectObjectVersion = 77;
			productRefGroup = 922E3E294A20C59E9B2FD66F /* Products */;
			projectDirPath = "";
			projectRoot = "";
			targets = (
				9DD8A3D0BBD380C25D3A1205 /* WEARy */,
				DFE3252E44C437966852D6E5 /* WEARyTests */,
				AA14B9D589C5962544035B18 /* WEARyUITests */,
			);
		};
/* End PBXProject section */

/* Begin PBXResourcesBuildPhase section */
		A8ABBE1956E507D6C2FB5A36 /* Resources */ = {
			isa = PBXResourcesBuildPhase;
			buildActionMask = 2147483647;
			files = (
				3361C2EF9CC1B0E408B81443 /* Assets.xcassets in Resources */,
				9ABC4E682D2153E0737B1A71 /* LaunchScreen.storyboard in Resources */,
			);
			runOnlyForDeploymentPostprocessing = 0;
		};
/* End PBXResourcesBuildPhase section */

/* Begin PBXSourcesBuildPhase section */
		221974F91175EDB9AB296F83 /* Sources */ = {
			isa = PBXSourcesBuildPhase;
			buildActionMask = 2147483647;
			files = (
				4678A2CB74D7BB951FCC1581 /* OutfitFlowTests.swift in Sources */,
				C0082FE33DE4C5193EB7585C /* SupabaseIntegrationTests.swift in Sources */,
			);
			runOnlyForDeploymentPostprocessing = 0;
		};
		9A15FCC47DAE7994DEF85050 /* Sources */ = {
			isa = PBXSourcesBuildPhase;
			buildActionMask = 2147483647;
			files = (
				8ACDE1A80D759B41221FFC4C /* WEARyUITests.swift in Sources */,
			);
			runOnlyForDeploymentPostprocessing = 0;
		};
		AA5CC78378EE70ED8506B1BB /* Sources */ = {
			isa = PBXSourcesBuildPhase;
			buildActionMask = 2147483647;
			files = (
				65D8A15FCC1897C3CEDA6733 /* AccountProfileView.swift in Sources */,
				E4116546E5360610A7D9068B /* AuthenticationStore.swift in Sources */,
				48BD773D10E0D3D8232C11B9 /* AuthenticationView.swift in Sources */,
				2DA6602E738816C8B0AB46CC /* CameraPicker.swift in Sources */,
				EFC26848D803CAA43BD977E9 /* CaptureView.swift in Sources */,
				751E9369D68885EF00CE8056 /* CommunityFeedRepository.swift in Sources */,
				3BDC60D6BE2FE29155100B40 /* CommunityInteractionRepository.swift in Sources */,
				3E8F63BE86D60E5B057004D1 /* CommunityPost.swift in Sources */,
				92360687E87E1671BF48E8BC /* CommunityPostPublisher.swift in Sources */,
				AAB09A3C8C75C4DE40D1C517 /* FeedView.swift in Sources */,
				73DFF9DD177F48648ECF99C3 /* Garment.swift in Sources */,
				6C3EDF65005EB3E3434A6D40 /* GarmentArtwork.swift in Sources */,
				DC1E9D0B4493AD02683909EB /* GarmentCutoutService.swift in Sources */,
				1B80746C4352690D940C43A5 /* GarmentDetailView.swift in Sources */,
				FE65C978383ACCB7DB2E2D7D /* GarmentEditorView.swift in Sources */,
				C4DB425FA0C1A7339A4EACBC /* MarketChatRepository.swift in Sources */,
				5582C5B7CF0ADAA220D024E7 /* MarketChatViews.swift in Sources */,
				D9F50081EC87FEFF215EB516 /* MarketInteractionRepository.swift in Sources */,
				3599C73CC95D3B1D2DD0D979 /* MarketListing.swift in Sources */,
				F234F17572BE66A3286CC9F6 /* MarketListingMutationRepository.swift in Sources */,
				EDE900612812B7CB78DFDEF1 /* MarketListingRepository.swift in Sources */,
				2ADFA6EBF5F0CFB24190ABB9 /* MarketPhotoEditorView.swift in Sources */,
				17E4EB45CA9B68F0FC439FE8 /* MarketView.swift in Sources */,
				730AFC137E610F382521084B /* MeetingPlacePickerView.swift in Sources */,
				44848AC067F5ED6A2D9E78D2 /* MonthOutfitCalendarView.swift in Sources */,
				8FEE8FB4FB02C415342E37D2 /* OnboardingView.swift in Sources */,
				910CB1F1682B2CBA66F66FFD /* Outfit.swift in Sources */,
				33AE3F931E5E5C770142C893 /* OutfitAnalyzing.swift in Sources */,
				5BA98BB92C99AB431A3E1FE4 /* OutfitRecordService.swift in Sources */,
				D7E11045D5E679DA98366A3B /* ProfileView.swift in Sources */,
				F9E583AF2461FC6F15B553A4 /* RootTabView.swift in Sources */,
				330F17106A6BC2C300502282 /* SampleDataSeeder.swift in Sources */,
				3CAC64E8405D40AD9815E64E /* SupabaseService.swift in Sources */,
				6271A2A1CE369A5C51B74703 /* WEARyApp.swift in Sources */,
				7C06A6D65488CCA798BC9143 /* WEARyTheme.swift in Sources */,
				91DD7082A40AE540FBCA393C /* WardrobeInsights.swift in Sources */,
				067C09C6F577FF2296A212CF /* WardrobeInsightsView.swift in Sources */,
				BA850FB60E804B398FEF164B /* WardrobeView.swift in Sources */,
			);
			runOnlyForDeploymentPostprocessing = 0;
		};
/* End PBXSourcesBuildPhase section */

/* Begin PBXTargetDependency section */
		9C02D7F08CE14098B443CB8D /* PBXTargetDependency */ = {
			isa = PBXTargetDependency;
			target = 9DD8A3D0BBD380C25D3A1205 /* WEARy */;
			targetProxy = 54D7A09198E08449BEED344E /* PBXContainerItemProxy */;
		};
		EBFF165193CBF74919C05AB2 /* PBXTargetDependency */ = {
			isa = PBXTargetDependency;
			target = 9DD8A3D0BBD380C25D3A1205 /* WEARy */;
			targetProxy = 663F21B67085E6527CBC5A63 /* PBXContainerItemProxy */;
		};
/* End PBXTargetDependency section */

/* Begin XCBuildConfiguration section */
		06699BB9A8FCE324621233E3 /* Release */ = {
			isa = XCBuildConfiguration;
			buildSettings = {
				BUNDLE_LOADER = "$(TEST_HOST)";
				GENERATE_INFOPLIST_FILE = YES;
				LD_RUNPATH_SEARCH_PATHS = (
					"$(inherited)",
					"@executable_path/Frameworks",
					"@loader_path/Frameworks",
				);
				PRODUCT_BUNDLE_IDENTIFIER = com.weary.prototype.uitests;
				SDKROOT = iphoneos;
				TARGETED_DEVICE_FAMILY = "1,2";
				TEST_TARGET_NAME = WEARy;
			};
			name = Release;
		};
		1412C91FE69CCC24A8F728A5 /* CloudKitDebug */ = {
			isa = XCBuildConfiguration;
			baseConfigurationReference = A1C1F9140F5C9FB51583D65A /* Supabase.xcconfig */;
			buildSettings = {
				ASSETCATALOG_COMPILER_APPICON_NAME = AppIcon;
				ASSETCATALOG_COMPILER_GLOBAL_ACCENT_COLOR_NAME = AccentColor;
				CODE_SIGN_ENTITLEMENTS = WEARy/WEARy.entitlements;
				CODE_SIGN_IDENTITY = "iPhone Developer";
				CURRENT_PROJECT_VERSION = 1;
				GENERATE_INFOPLIST_FILE = NO;
				INFOPLIST_FILE = "Config/WEARy-Info.plist";
				LD_RUNPATH_SEARCH_PATHS = (
					"$(inherited)",
					"@executable_path/Frameworks",
				);
				MARKETING_VERSION = 0.1.0;
				PRODUCT_BUNDLE_IDENTIFIER = com.weary.prototype;
				PRODUCT_NAME = WEARy;
				SDKROOT = iphoneos;
				TARGETED_DEVICE_FAMILY = 1;
			};
			name = CloudKitDebug;
		};
		346B191717B6903F1740BA29 /* Debug */ = {
			isa = XCBuildConfiguration;
			buildSettings = {
				BUNDLE_LOADER = "$(TEST_HOST)";
				GENERATE_INFOPLIST_FILE = YES;
				LD_RUNPATH_SEARCH_PATHS = (
					"$(inherited)",
					"@executable_path/Frameworks",
					"@loader_path/Frameworks",
				);
				PRODUCT_BUNDLE_IDENTIFIER = com.weary.prototype.tests;
				SDKROOT = iphoneos;
				TARGETED_DEVICE_FAMILY = "1,2";
				TEST_HOST = "$(BUILT_PRODUCTS_DIR)/WEARy.app/$(BUNDLE_EXECUTABLE_FOLDER_PATH)/WEARy";
			};
			name = Debug;
		};
		3E90BF64C9928E59622AF156 /* Debug */ = {
			isa = XCBuildConfiguration;
			baseConfigurationReference = A1C1F9140F5C9FB51583D65A /* Supabase.xcconfig */;
			buildSettings = {
				ASSETCATALOG_COMPILER_APPICON_NAME = AppIcon;
				ASSETCATALOG_COMPILER_GLOBAL_ACCENT_COLOR_NAME = AccentColor;
				CODE_SIGN_IDENTITY = "iPhone Developer";
				CURRENT_PROJECT_VERSION = 1;
				GENERATE_INFOPLIST_FILE = NO;
				INFOPLIST_FILE = "Config/WEARy-Info.plist";
				LD_RUNPATH_SEARCH_PATHS = (
					"$(inherited)",
					"@executable_path/Frameworks",
				);
				MARKETING_VERSION = 0.1.0;
				PRODUCT_BUNDLE_IDENTIFIER = com.weary.prototype;
				PRODUCT_NAME = WEARy;
				SDKROOT = iphoneos;
				TARGETED_DEVICE_FAMILY = 1;
			};
			name = Debug;
		};
		7308C0E5B26352FB04A28E88 /* Debug */ = {
			isa = XCBuildConfiguration;
			buildSettings = {
				BUNDLE_LOADER = "$(TEST_HOST)";
				GENERATE_INFOPLIST_FILE = YES;
				LD_RUNPATH_SEARCH_PATHS = (
					"$(inherited)",
					"@executable_path/Frameworks",
					"@loader_path/Frameworks",
				);
				PRODUCT_BUNDLE_IDENTIFIER = com.weary.prototype.uitests;
				SDKROOT = iphoneos;
				TARGETED_DEVICE_FAMILY = "1,2";
				TEST_TARGET_NAME = WEARy;
			};
			name = Debug;
		};
		C8DC7FE41AF80188947CF1B7 /* Release */ = {
			isa = XCBuildConfiguration;
			buildSettings = {
				BUNDLE_LOADER = "$(TEST_HOST)";
				GENERATE_INFOPLIST_FILE = YES;
				LD_RUNPATH_SEARCH_PATHS = (
					"$(inherited)",
					"@executable_path/Frameworks",
					"@loader_path/Frameworks",
				);
				PRODUCT_BUNDLE_IDENTIFIER = com.weary.prototype.tests;
				SDKROOT = iphoneos;
				TARGETED_DEVICE_FAMILY = "1,2";
				TEST_HOST = "$(BUILT_PRODUCTS_DIR)/WEARy.app/$(BUNDLE_EXECUTABLE_FOLDER_PATH)/WEARy";
			};
			name = Release;
		};
		D0CE1CEC4846EBEE3BFE0FFB /* CloudKitDebug */ = {
			isa = XCBuildConfiguration;
			buildSettings = {
				BUNDLE_LOADER = "$(TEST_HOST)";
				GENERATE_INFOPLIST_FILE = YES;
				LD_RUNPATH_SEARCH_PATHS = (
					"$(inherited)",
					"@executable_path/Frameworks",
					"@loader_path/Frameworks",
				);
				PRODUCT_BUNDLE_IDENTIFIER = com.weary.prototype.tests;
				SDKROOT = iphoneos;
				TARGETED_DEVICE_FAMILY = "1,2";
				TEST_HOST = "$(BUILT_PRODUCTS_DIR)/WEARy.app/$(BUNDLE_EXECUTABLE_FOLDER_PATH)/WEARy";
			};
			name = CloudKitDebug;
		};
		D8A48A5C908AE4E5B900E56F /* Release */ = {
			isa = XCBuildConfiguration;
			buildSettings = {
				ALWAYS_SEARCH_USER_PATHS = NO;
				CLANG_ANALYZER_NONNULL = YES;
				CLANG_ANALYZER_NUMBER_OBJECT_CONVERSION = YES_AGGRESSIVE;
				CLANG_CXX_LANGUAGE_STANDARD = "gnu++14";
				CLANG_CXX_LIBRARY = "libc++";
				CLANG_ENABLE_MODULES = YES;
				CLANG_ENABLE_OBJC_ARC = YES;
				CLANG_ENABLE_OBJC_WEAK = YES;
				CLANG_WARN_BLOCK_CAPTURE_AUTORELEASING = YES;
				CLANG_WARN_BOOL_CONVERSION = YES;
				CLANG_WARN_COMMA = YES;
				CLANG_WARN_CONSTANT_CONVERSION = YES;
				CLANG_WARN_DEPRECATED_OBJC_IMPLEMENTATIONS = YES;
				CLANG_WARN_DIRECT_OBJC_ISA_USAGE = YES_ERROR;
				CLANG_WARN_DOCUMENTATION_COMMENTS = YES;
				CLANG_WARN_EMPTY_BODY = YES;
				CLANG_WARN_ENUM_CONVERSION = YES;
				CLANG_WARN_INFINITE_RECURSION = YES;
				CLANG_WARN_INT_CONVERSION = YES;
				CLANG_WARN_NON_LITERAL_NULL_CONVERSION = YES;
				CLANG_WARN_OBJC_IMPLICIT_RETAIN_SELF = YES;
				CLANG_WARN_OBJC_LITERAL_CONVERSION = YES;
				CLANG_WARN_OBJC_ROOT_CLASS = YES_ERROR;
				CLANG_WARN_QUOTED_INCLUDE_IN_FRAMEWORK_HEADER = YES;
				CLANG_WARN_RANGE_LOOP_ANALYSIS = YES;
				CLANG_WARN_STRICT_PROTOTYPES = YES;
				CLANG_WARN_SUSPICIOUS_MOVE = YES;
				CLANG_WARN_UNGUARDED_AVAILABILITY = YES_AGGRESSIVE;
				CLANG_WARN_UNREACHABLE_CODE = YES;
				CLANG_WARN__DUPLICATE_METHOD_MATCH = YES;
				CODE_SIGN_STYLE = Automatic;
				COPY_PHASE_STRIP = NO;
				DEBUG_INFORMATION_FORMAT = "dwarf-with-dsym";
				DEVELOPMENT_TEAM = NSFKUQF8TG;
				ENABLE_NS_ASSERTIONS = NO;
				ENABLE_STRICT_OBJC_MSGSEND = YES;
				GCC_C_LANGUAGE_STANDARD = gnu11;
				GCC_NO_COMMON_BLOCKS = YES;
				GCC_WARN_64_TO_32_BIT_CONVERSION = YES;
				GCC_WARN_ABOUT_RETURN_TYPE = YES_ERROR;
				GCC_WARN_UNDECLARED_SELECTOR = YES;
				GCC_WARN_UNINITIALIZED_AUTOS = YES_AGGRESSIVE;
				GCC_WARN_UNUSED_FUNCTION = YES;
				GCC_WARN_UNUSED_VARIABLE = YES;
				IPHONEOS_DEPLOYMENT_TARGET = 18.0;
				MTL_ENABLE_DEBUG_INFO = NO;
				MTL_FAST_MATH = YES;
				PRODUCT_NAME = "$(TARGET_NAME)";
				SDKROOT = iphoneos;
				SWIFT_COMPILATION_MODE = wholemodule;
				SWIFT_OPTIMIZATION_LEVEL = "-O";
				SWIFT_VERSION = 6.0;
			};
			name = Release;
		};
		E2A6FDB95783ADBF9E5DB75D /* Release */ = {
			isa = XCBuildConfiguration;
			baseConfigurationReference = A1C1F9140F5C9FB51583D65A /* Supabase.xcconfig */;
			buildSettings = {
				ASSETCATALOG_COMPILER_APPICON_NAME = AppIcon;
				ASSETCATALOG_COMPILER_GLOBAL_ACCENT_COLOR_NAME = AccentColor;
				CODE_SIGN_IDENTITY = "iPhone Developer";
				CURRENT_PROJECT_VERSION = 1;
				GENERATE_INFOPLIST_FILE = NO;
				INFOPLIST_FILE = "Config/WEARy-Info.plist";
				LD_RUNPATH_SEARCH_PATHS = (
					"$(inherited)",
					"@executable_path/Frameworks",
				);
				MARKETING_VERSION = 0.1.0;
				PRODUCT_BUNDLE_IDENTIFIER = com.weary.prototype;
				PRODUCT_NAME = WEARy;
				SDKROOT = iphoneos;
				TARGETED_DEVICE_FAMILY = 1;
			};
			name = Release;
		};
		F16C3CBCB5E337ABFFBDFD51 /* Debug */ = {
			isa = XCBuildConfiguration;
			buildSettings = {
				ALWAYS_SEARCH_USER_PATHS = NO;
				CLANG_ANALYZER_NONNULL = YES;
				CLANG_ANALYZER_NUMBER_OBJECT_CONVERSION = YES_AGGRESSIVE;
				CLANG_CXX_LANGUAGE_STANDARD = "gnu++14";
				CLANG_CXX_LIBRARY = "libc++";
				CLANG_ENABLE_MODULES = YES;
				CLANG_ENABLE_OBJC_ARC = YES;
				CLANG_ENABLE_OBJC_WEAK = YES;
				CLANG_WARN_BLOCK_CAPTURE_AUTORELEASING = YES;
				CLANG_WARN_BOOL_CONVERSION = YES;
				CLANG_WARN_COMMA = YES;
				CLANG_WARN_CONSTANT_CONVERSION = YES;
				CLANG_WARN_DEPRECATED_OBJC_IMPLEMENTATIONS = YES;
				CLANG_WARN_DIRECT_OBJC_ISA_USAGE = YES_ERROR;
				CLANG_WARN_DOCUMENTATION_COMMENTS = YES;
				CLANG_WARN_EMPTY_BODY = YES;
				CLANG_WARN_ENUM_CONVERSION = YES;
				CLANG_WARN_INFINITE_RECURSION = YES;
				CLANG_WARN_INT_CONVERSION = YES;
				CLANG_WARN_NON_LITERAL_NULL_CONVERSION = YES;
				CLANG_WARN_OBJC_IMPLICIT_RETAIN_SELF = YES;
				CLANG_WARN_OBJC_LITERAL_CONVERSION = YES;
				CLANG_WARN_OBJC_ROOT_CLASS = YES_ERROR;
				CLANG_WARN_QUOTED_INCLUDE_IN_FRAMEWORK_HEADER = YES;
				CLANG_WARN_RANGE_LOOP_ANALYSIS = YES;
				CLANG_WARN_STRICT_PROTOTYPES = YES;
				CLANG_WARN_SUSPICIOUS_MOVE = YES;
				CLANG_WARN_UNGUARDED_AVAILABILITY = YES_AGGRESSIVE;
				CLANG_WARN_UNREACHABLE_CODE = YES;
				CLANG_WARN__DUPLICATE_METHOD_MATCH = YES;
				CODE_SIGN_STYLE = Automatic;
				COPY_PHASE_STRIP = NO;
				DEBUG_INFORMATION_FORMAT = dwarf;
				DEVELOPMENT_TEAM = NSFKUQF8TG;
				ENABLE_STRICT_OBJC_MSGSEND = YES;
				ENABLE_TESTABILITY = YES;
				GCC_C_LANGUAGE_STANDARD = gnu11;
				GCC_DYNAMIC_NO_PIC = NO;
				GCC_NO_COMMON_BLOCKS = YES;
				GCC_OPTIMIZATION_LEVEL = 0;
				GCC_PREPROCESSOR_DEFINITIONS = (
					"$(inherited)",
					"DEBUG=1",
				);
				GCC_WARN_64_TO_32_BIT_CONVERSION = YES;
				GCC_WARN_ABOUT_RETURN_TYPE = YES_ERROR;
				GCC_WARN_UNDECLARED_SELECTOR = YES;
				GCC_WARN_UNINITIALIZED_AUTOS = YES_AGGRESSIVE;
				GCC_WARN_UNUSED_FUNCTION = YES;
				GCC_WARN_UNUSED_VARIABLE = YES;
				IPHONEOS_DEPLOYMENT_TARGET = 18.0;
				MTL_ENABLE_DEBUG_INFO = INCLUDE_SOURCE;
				MTL_FAST_MATH = YES;
				ONLY_ACTIVE_ARCH = YES;
				PRODUCT_NAME = "$(TARGET_NAME)";
				SDKROOT = iphoneos;
				SWIFT_ACTIVE_COMPILATION_CONDITIONS = DEBUG;
				SWIFT_OPTIMIZATION_LEVEL = "-Onone";
				SWIFT_VERSION = 6.0;
			};
			name = Debug;
		};
		F57C33188CB65F8E056ECE5B /* CloudKitDebug */ = {
			isa = XCBuildConfiguration;
			buildSettings = {
				BUNDLE_LOADER = "$(TEST_HOST)";
				GENERATE_INFOPLIST_FILE = YES;
				LD_RUNPATH_SEARCH_PATHS = (
					"$(inherited)",
					"@executable_path/Frameworks",
					"@loader_path/Frameworks",
				);
				PRODUCT_BUNDLE_IDENTIFIER = com.weary.prototype.uitests;
				SDKROOT = iphoneos;
				TARGETED_DEVICE_FAMILY = "1,2";
				TEST_TARGET_NAME = WEARy;
			};
			name = CloudKitDebug;
		};
		F743ED056CC78B55D95D1D26 /* CloudKitDebug */ = {
			isa = XCBuildConfiguration;
			buildSettings = {
				ALWAYS_SEARCH_USER_PATHS = NO;
				CLANG_ANALYZER_NONNULL = YES;
				CLANG_ANALYZER_NUMBER_OBJECT_CONVERSION = YES_AGGRESSIVE;
				CLANG_CXX_LANGUAGE_STANDARD = "gnu++14";
				CLANG_CXX_LIBRARY = "libc++";
				CLANG_ENABLE_MODULES = YES;
				CLANG_ENABLE_OBJC_ARC = YES;
				CLANG_ENABLE_OBJC_WEAK = YES;
				CLANG_WARN_BLOCK_CAPTURE_AUTORELEASING = YES;
				CLANG_WARN_BOOL_CONVERSION = YES;
				CLANG_WARN_COMMA = YES;
				CLANG_WARN_CONSTANT_CONVERSION = YES;
				CLANG_WARN_DEPRECATED_OBJC_IMPLEMENTATIONS = YES;
				CLANG_WARN_DIRECT_OBJC_ISA_USAGE = YES_ERROR;
				CLANG_WARN_DOCUMENTATION_COMMENTS = YES;
				CLANG_WARN_EMPTY_BODY = YES;
				CLANG_WARN_ENUM_CONVERSION = YES;
				CLANG_WARN_INFINITE_RECURSION = YES;
				CLANG_WARN_INT_CONVERSION = YES;
				CLANG_WARN_NON_LITERAL_NULL_CONVERSION = YES;
				CLANG_WARN_OBJC_IMPLICIT_RETAIN_SELF = YES;
				CLANG_WARN_OBJC_LITERAL_CONVERSION = YES;
				CLANG_WARN_OBJC_ROOT_CLASS = YES_ERROR;
				CLANG_WARN_QUOTED_INCLUDE_IN_FRAMEWORK_HEADER = YES;
				CLANG_WARN_RANGE_LOOP_ANALYSIS = YES;
				CLANG_WARN_STRICT_PROTOTYPES = YES;
				CLANG_WARN_SUSPICIOUS_MOVE = YES;
				CLANG_WARN_UNGUARDED_AVAILABILITY = YES_AGGRESSIVE;
				CLANG_WARN_UNREACHABLE_CODE = YES;
				CLANG_WARN__DUPLICATE_METHOD_MATCH = YES;
				CODE_SIGN_STYLE = Automatic;
				COPY_PHASE_STRIP = NO;
				DEBUG_INFORMATION_FORMAT = dwarf;
				DEVELOPMENT_TEAM = NSFKUQF8TG;
				ENABLE_STRICT_OBJC_MSGSEND = YES;
				ENABLE_TESTABILITY = YES;
				GCC_C_LANGUAGE_STANDARD = gnu11;
				GCC_DYNAMIC_NO_PIC = NO;
				GCC_NO_COMMON_BLOCKS = YES;
				GCC_OPTIMIZATION_LEVEL = 0;
				GCC_PREPROCESSOR_DEFINITIONS = (
					"$(inherited)",
					"DEBUG=1",
				);
				GCC_WARN_64_TO_32_BIT_CONVERSION = YES;
				GCC_WARN_ABOUT_RETURN_TYPE = YES_ERROR;
				GCC_WARN_UNDECLARED_SELECTOR = YES;
				GCC_WARN_UNINITIALIZED_AUTOS = YES_AGGRESSIVE;
				GCC_WARN_UNUSED_FUNCTION = YES;
				GCC_WARN_UNUSED_VARIABLE = YES;
				IPHONEOS_DEPLOYMENT_TARGET = 18.0;
				MTL_ENABLE_DEBUG_INFO = INCLUDE_SOURCE;
				MTL_FAST_MATH = YES;
				ONLY_ACTIVE_ARCH = YES;
				PRODUCT_NAME = "$(TARGET_NAME)";
				SDKROOT = iphoneos;
				SWIFT_ACTIVE_COMPILATION_CONDITIONS = DEBUG;
				SWIFT_OPTIMIZATION_LEVEL = "-Onone";
				SWIFT_VERSION = 6.0;
			};
			name = CloudKitDebug;
		};
/* End XCBuildConfiguration section */

/* Begin XCConfigurationList section */
		536F9F3A0CC1AFF2EBBC072E /* Build configuration list for PBXNativeTarget "WEARyTests" */ = {
			isa = XCConfigurationList;
			buildConfigurations = (
				D0CE1CEC4846EBEE3BFE0FFB /* CloudKitDebug */,
				346B191717B6903F1740BA29 /* Debug */,
				C8DC7FE41AF80188947CF1B7 /* Release */,
			);
			defaultConfigurationIsVisible = 0;
			defaultConfigurationName = Debug;
		};
		A461BF4A7F8B6F4BF40B519A /* Build configuration list for PBXNativeTarget "WEARyUITests" */ = {
			isa = XCConfigurationList;
			buildConfigurations = (
				F57C33188CB65F8E056ECE5B /* CloudKitDebug */,
				7308C0E5B26352FB04A28E88 /* Debug */,
				06699BB9A8FCE324621233E3 /* Release */,
			);
			defaultConfigurationIsVisible = 0;
			defaultConfigurationName = Debug;
		};
		B551C31F30A2025132A18820 /* Build configuration list for PBXProject "WEARy" */ = {
			isa = XCConfigurationList;
			buildConfigurations = (
				F743ED056CC78B55D95D1D26 /* CloudKitDebug */,
				F16C3CBCB5E337ABFFBDFD51 /* Debug */,
				D8A48A5C908AE4E5B900E56F /* Release */,
			);
			defaultConfigurationIsVisible = 0;
			defaultConfigurationName = Debug;
		};
		D861271B279F75941C799F12 /* Build configuration list for PBXNativeTarget "WEARy" */ = {
			isa = XCConfigurationList;
			buildConfigurations = (
				1412C91FE69CCC24A8F728A5 /* CloudKitDebug */,
				3E90BF64C9928E59622AF156 /* Debug */,
				E2A6FDB95783ADBF9E5DB75D /* Release */,
			);
			defaultConfigurationIsVisible = 0;
			defaultConfigurationName = Debug;
		};
/* End XCConfigurationList section */

/* Begin XCRemoteSwiftPackageReference section */
		DF69797C55F91F78D2E4F0A0 /* XCRemoteSwiftPackageReference "supabase-swift" */ = {
			isa = XCRemoteSwiftPackageReference;
			repositoryURL = "https://github.com/supabase/supabase-swift.git";
			requirement = {
				kind = upToNextMajorVersion;
				minimumVersion = 2.0.0;
			};
		};
/* End XCRemoteSwiftPackageReference section */

/* Begin XCSwiftPackageProductDependency section */
		CB6DC0D0BC133AB9F12822EB /* Supabase */ = {
			isa = XCSwiftPackageProductDependency;
			package = DF69797C55F91F78D2E4F0A0 /* XCRemoteSwiftPackageReference "supabase-swift" */;
			productName = Supabase;
		};
/* End XCSwiftPackageProductDependency section */
	};
	rootObject = D10EF33687AA9BDB122DC5CE /* Project object */;
}
